
Microsoft Visual Studio Solution File, Format Version 12.00
# Visual Studio 2015
Project("{FAE04EC0-301F-11D3-BF4B-00C04F79EFBC}") = "Project Life's Key.Plugins", "Project Life's Key.Plugins.csproj", "{826DC4B8-8267-6F8F-310C-4BC60B60E671}"
EndProject
Project("{FAE04EC0-301F-11D3-BF4B-00C04F79EFBC}") = "Project Life's Key", "Project Life's Key.csproj", "{BBA8B84E-9DF4-7515-D7F0-724E27D62239}"
EndProject
Project("{FAE04EC0-301F-11D3-BF4B-00C04F79EFBC}") = "Project Life's Key.Editor.Plugins", "Project Life's Key.Editor.Plugins.csproj", "{42913D86-647D-8E10-B962-8FA2F562A882}"
EndProject
Project("{FAE04EC0-301F-11D3-BF4B-00C04F79EFBC}") = "Project Life's Key.Editor", "Project Life's Key.Editor.csproj", "{763A389D-858E-C05F-42B1-E323D4DD82B8}"
EndProject
Global
	GlobalSection(SolutionConfigurationPlatforms) = preSolution
		Debug|Any CPU = Debug|Any CPU
		Release|Any CPU = Release|Any CPU
	EndGlobalSection
	GlobalSection(ProjectConfigurationPlatforms) = postSolution
		{826DC4B8-8267-6F8F-310C-4BC60B60E671}.Debug|Any CPU.ActiveCfg = Debug|Any CPU
		{826DC4B8-8267-6F8F-310C-4BC60B60E671}.Debug|Any CPU.Build.0 = Debug|Any CPU
		{826DC4B8-8267-6F8F-310C-4BC60B60E671}.Release|Any CPU.ActiveCfg = Release|Any CPU
		{826DC4B8-8267-6F8F-310C-4BC60B60E671}.Release|Any CPU.Build.0 = Release|Any CPU
		{BBA8B84E-9DF4-7515-D7F0-724E27D62239}.Debug|Any CPU.ActiveCfg = Debug|Any CPU
		{BBA8B84E-9DF4-7515-D7F0-724E27D62239}.Debug|Any CPU.Build.0 = Debug|Any CPU
		{BBA8B84E-9DF4-7515-D7F0-724E27D62239}.Release|Any CPU.ActiveCfg = Release|Any CPU
		{BBA8B84E-9DF4-7515-D7F0-724E27D62239}.Release|Any CPU.Build.0 = Release|Any CPU
		{42913D86-647D-8E10-B962-8FA2F562A882}.Debug|Any CPU.ActiveCfg = Debug|Any CPU
		{42913D86-647D-8E10-B962-8FA2F562A882}.Debug|Any CPU.Build.0 = Debug|Any CPU
		{42913D86-647D-8E10-B962-8FA2F562A882}.Release|Any CPU.ActiveCfg = Release|Any CPU
		{42913D86-647D-8E10-B962-8FA2F562A882}.Release|Any CPU.Build.0 = Release|Any CPU
		{763A389D-858E-C05F-42B1-E323D4DD82B8}.Debug|Any CPU.ActiveCfg = Debug|Any CPU
		{763A389D-858E-C05F-42B1-E323D4DD82B8}.Debug|Any CPU.Build.0 = Debug|Any CPU
		{763A389D-858E-C05F-42B1-E323D4DD82B8}.Release|Any CPU.ActiveCfg = Release|Any CPU
		{763A389D-858E-C05F-42B1-E323D4DD82B8}.Release|Any CPU.Build.0 = Release|Any CPU
	EndGlobalSection
	GlobalSection(SolutionProperties) = preSolution
		HideSolutionNode = FALSE
	EndGlobalSection
EndGlobal
